
Microsoft Visual Studio Solution File, Format Version 12.00
# Visual Studio Version 16
VisualStudioVersion = 16.0.30204.135
MinimumVisualStudioVersion = 10.0.40219.1
Project("{FAE04EC0-301F-11D3-BF4B-00C04F79EFBC}") = "OakIsland", "OakIsland.csproj", "{22C30E99-AA59-49C5-B56C-E686648821B2}"
EndProject
Global
	GlobalSection(SolutionConfigurationPlatforms) = preSolution
		Debug|Any CPU = Debug|Any CPU
		Release|Any CPU = Release|Any CPU
	EndGlobalSection
	GlobalSection(ProjectConfigurationPlatforms) = postSolution
		{22C30E99-AA59-49C5-B56C-E686648821B2}.Debug|Any CPU.ActiveCfg = Debug|Any CPU
		{22C30E99-AA59-49C5-B56C-E686648821B2}.Debug|Any CPU.Build.0 = Debug|Any CPU
		{22C30E99-AA59-49C5-B56C-E686648821B2}.Release|Any CPU.ActiveCfg = Release|Any CPU
		{22C30E99-AA59-49C5-B56C-E686648821B2}.Release|Any CPU.Build.0 = Release|Any CPU
	EndGlobalSection
	GlobalSection(SolutionProperties) = preSolution
		HideSolutionNode = FALSE
	EndGlobalSection
	GlobalSection(ExtensibilityGlobals) = postSolution
		SolutionGuid = {4CAD4032-B8CA-4C97-BB7F-008EBB78D565}
	EndGlobalSection
EndGlobal
